<?xml version="1.0" encoding="utf-8"?>
<Project ToolsVersion="4.0" xmlns="http://schemas.microsoft.com/developer/msbuild/2003">
  <ItemGroup>
    <Filter Include="Lullaby">
      <UniqueIdentifier>{5A71D4F6-C650-5392-CF68-DE683BC7B9F3}</UniqueIdentifier>
    </Filter>
    <Filter Include="Lullaby\Core">
      <UniqueIdentifier>{F27DACC7-DEE0-3B6C-8766-742273A807EF}</UniqueIdentifier>
    </Filter>
    <Filter Include="Lullaby\Core\Camera">
      <UniqueIdentifier>{2AAEAC2E-960F-8A3C-1F7D-D0EE8BDDC0FB}</UniqueIdentifier>
    </Filter>
    <Filter Include="Lullaby\Core\DataContainers">
      <UniqueIdentifier>{F133D338-5D41-011F-E627-FD095234CDD5}</UniqueIdentifier>
    </Filter>
    <Filter Include="Lullaby\Core\Shaders">
      <UniqueIdentifier>{CB7460E3-B703-EAAC-6022-FEA74C90FA52}</UniqueIdentifier>
    </Filter>
    <Filter Include="Lullaby\Geometry">
      <UniqueIdentifier>{F5C3C94D-E1BC-E89F-0AEF-CD24F646C8AB}</UniqueIdentifier>
    </Filter>
    <Filter Include="Lullaby\Utilities">
      <UniqueIdentifier>{458EC16D-B1A4-BF03-FA1B-4B256671908B}</UniqueIdentifier>
    </Filter>
  </ItemGroup>
  <ItemGroup>
    <ClInclude Include="Source\Lullaby\Core\Camera\Camera.h">
      <Filter>Lullaby\Core\Camera</Filter>
    </ClInclude>
    <ClInclude Include="Source\Lullaby\Core\Camera\CameraProjection.h">
      <Filter>Lullaby\Core\Camera</Filter>
    </ClInclude>
    <ClInclude Include="Source\Lullaby\Core\DataContainers\Mesh.h">
      <Filter>Lullaby\Core\DataContainers</Filter>
    </ClInclude>
    <ClInclude Include="Source\Lullaby\Core\DataContainers\Types.h">
      <Filter>Lullaby\Core\DataContainers</Filter>
    </ClInclude>
    <ClInclude Include="Source\Lullaby\Core\DeletionQueue.h">
      <Filter>Lullaby\Core</Filter>
    </ClInclude>
    <ClInclude Include="Source\Lullaby\Core\Renderer.h">
      <Filter>Lullaby\Core</Filter>
    </ClInclude>
    <ClInclude Include="Source\Lullaby\Core\Shaders\PipelineBuilder.h">
      <Filter>Lullaby\Core\Shaders</Filter>
    </ClInclude>
    <ClInclude Include="Source\Lullaby\Core\VKInitializers.h">
      <Filter>Lullaby\Core</Filter>
    </ClInclude>
    <ClInclude Include="Source\Lullaby\Core\Window.h">
      <Filter>Lullaby\Core</Filter>
    </ClInclude>
    <ClInclude Include="Source\Lullaby\Geometry\AABB.h">
      <Filter>Lullaby\Geometry</Filter>
    </ClInclude>
    <ClInclude Include="Source\Lullaby\Utilities\Singleton.h">
      <Filter>Lullaby\Utilities</Filter>
    </ClInclude>
    <ClInclude Include="Source\LullabyPch.h" />
  </ItemGroup>
  <ItemGroup>
    <ClCompile Include="Source\Lullaby\Core\Camera\Camera.cpp">
      <Filter>Lullaby\Core\Camera</Filter>
    </ClCompile>
    <ClCompile Include="Source\Lullaby\Core\Camera\CameraProjection.cpp">
      <Filter>Lullaby\Core\Camera</Filter>
    </ClCompile>
    <ClCompile Include="Source\Lullaby\Core\DataContainers\Mesh.cpp">
      <Filter>Lullaby\Core\DataContainers</Filter>
    </ClCompile>
    <ClCompile Include="Source\Lullaby\Core\DeletionQueue.cpp">
      <Filter>Lullaby\Core</Filter>
    </ClCompile>
    <ClCompile Include="Source\Lullaby\Core\Renderer.cpp">
      <Filter>Lullaby\Core</Filter>
    </ClCompile>
    <ClCompile Include="Source\Lullaby\Core\Shaders\PipelineBuilder.cpp">
      <Filter>Lullaby\Core\Shaders</Filter>
    </ClCompile>
    <ClCompile Include="Source\Lullaby\Core\VKInitializers.cpp">
      <Filter>Lullaby\Core</Filter>
    </ClCompile>
    <ClCompile Include="Source\Lullaby\Core\Window.cpp">
      <Filter>Lullaby\Core</Filter>
    </ClCompile>
    <ClCompile Include="Source\Lullaby\Geometry\AABB.cpp">
      <Filter>Lullaby\Geometry</Filter>
    </ClCompile>
    <ClCompile Include="Source\LullabyPch.cpp" />
    <ClCompile Include="Source\main.cpp" />
  </ItemGroup>
</Project>