<?xml version="1.0" encoding="utf-8"?>
<Project ToolsVersion="4.0" xmlns="http://schemas.microsoft.com/developer/msbuild/2003">
  <ItemGroup>
    <Filter Include="Archivos de origen">
      <UniqueIdentifier>{4FC737F1-C7A5-4376-A066-2A32D752A2FF}</UniqueIdentifier>
      <Extensions>cpp;c;cc;cxx;c++;cppm;ixx;def;odl;idl;hpj;bat;asm;asmx</Extensions>
    </Filter>
    <Filter Include="Archivos de encabezado">
      <UniqueIdentifier>{93995380-89BD-4b04-88EB-625FBE52EBFB}</UniqueIdentifier>
      <Extensions>h;hh;hpp;hxx;h++;hm;inl;inc;ipp;xsd</Extensions>
    </Filter>
    <Filter Include="Archivos de recursos">
      <UniqueIdentifier>{67DA6AB6-F800-4c08-8B7A-83BB121AAD01}</UniqueIdentifier>
      <Extensions>rc;ico;cur;bmp;dlg;rc2;rct;bin;rgs;gif;jpg;jpeg;jpe;resx;tiff;tif;png;wav;mfcribbon-ms</Extensions>
    </Filter>
    <Filter Include="Archivos de encabezado\Core">
      <UniqueIdentifier>{421cb94e-0031-4ad9-aef0-21e564160307}</UniqueIdentifier>
    </Filter>
    <Filter Include="Archivos de encabezado\Geometry">
      <UniqueIdentifier>{becec90d-14c8-4ba6-a117-ea0595661f7d}</UniqueIdentifier>
    </Filter>
    <Filter Include="Archivos de encabezado\Core\Camera">
      <UniqueIdentifier>{06a1e978-e4ff-4be1-a692-3eefb218db4d}</UniqueIdentifier>
    </Filter>
    <Filter Include="Archivos de origen\Core">
      <UniqueIdentifier>{3d3a823b-9698-402c-ac8d-464637301891}</UniqueIdentifier>
    </Filter>
    <Filter Include="Archivos de origen\Geometry">
      <UniqueIdentifier>{e4c7cdaf-9d2c-49ab-9225-8d54521053e5}</UniqueIdentifier>
    </Filter>
    <Filter Include="Archivos de origen\Core\Camera">
      <UniqueIdentifier>{b5886264-5f4a-4c86-a857-1f2273a4c61d}</UniqueIdentifier>
    </Filter>
    <Filter Include="Archivos de encabezado\Utilities">
      <UniqueIdentifier>{08e3713d-0bc3-40dc-8beb-ff41f26d94dd}</UniqueIdentifier>
    </Filter>
    <Filter Include="Archivos de origen\Utilities">
      <UniqueIdentifier>{f2fb444f-c9e7-43e7-936e-a7231435d803}</UniqueIdentifier>
    </Filter>
    <Filter Include="Archivos de origen\Dependencies">
      <UniqueIdentifier>{e9f59cc9-ea1a-4d3b-a3b7-bbeff3738b5b}</UniqueIdentifier>
    </Filter>
    <Filter Include="Archivos de encabezado\Core\Shaders">
      <UniqueIdentifier>{93baeaee-e0f0-4275-a8f2-77ac1f8866ae}</UniqueIdentifier>
    </Filter>
    <Filter Include="Archivos de origen\Core\Shaders">
      <UniqueIdentifier>{a0445f31-4375-4984-b086-073b06680100}</UniqueIdentifier>
    </Filter>
    <Filter Include="Archivos de encabezado\Core\DataContainers">
      <UniqueIdentifier>{6cf71c71-0bf7-4518-a447-a599dddc3d98}</UniqueIdentifier>
    </Filter>
    <Filter Include="Archivos de encabezado\Dependencies">
      <UniqueIdentifier>{d5dacd11-8e28-4c80-92b5-bf200d4e39d8}</UniqueIdentifier>
    </Filter>
    <Filter Include="Archivos de origen\Core\DataContainers">
      <UniqueIdentifier>{7f6dd27d-9c48-4dc2-bb46-391704a3e12a}</UniqueIdentifier>
    </Filter>
  </ItemGroup>
  <ItemGroup>
    <ClCompile Include="main.cpp">
      <Filter>Archivos de origen</Filter>
    </ClCompile>
    <ClCompile Include="stdafx.cpp">
      <Filter>Archivos de origen</Filter>
    </ClCompile>
    <ClCompile Include="Core\Camera\Camera.cpp">
      <Filter>Archivos de origen\Core\Camera</Filter>
    </ClCompile>
    <ClCompile Include="Core\Camera\CameraProjection.cpp">
      <Filter>Archivos de origen\Core\Camera</Filter>
    </ClCompile>
    <ClCompile Include="Geometry\AABB.cpp">
      <Filter>Archivos de origen\Geometry</Filter>
    </ClCompile>
    <ClCompile Include="Core\Window.cpp">
      <Filter>Archivos de origen\Core</Filter>
    </ClCompile>
    <ClCompile Include="Core\Renderer.cpp">
      <Filter>Archivos de origen\Core</Filter>
    </ClCompile>
    <ClCompile Include="..\Dependencies\vkBootstrap\VkBootstrap.cpp">
      <Filter>Archivos de origen\Dependencies</Filter>
    </ClCompile>
    <ClCompile Include="Core\VKInitializers.cpp">
      <Filter>Archivos de origen\Core</Filter>
    </ClCompile>
    <ClCompile Include="Core\Shaders\PipelineBuilder.cpp">
      <Filter>Archivos de origen\Core\Shaders</Filter>
    </ClCompile>
    <ClCompile Include="Core\DeletionQueue.cpp">
      <Filter>Archivos de origen\Core</Filter>
    </ClCompile>
    <ClCompile Include="Core\DataContainers\Mesh.cpp">
      <Filter>Archivos de origen\Core\DataContainers</Filter>
    </ClCompile>
  </ItemGroup>
  <ItemGroup>
    <ClInclude Include="stdafx.h">
      <Filter>Archivos de encabezado</Filter>
    </ClInclude>
    <ClInclude Include="Geometry\AABB.h">
      <Filter>Archivos de encabezado\Geometry</Filter>
    </ClInclude>
    <ClInclude Include="Core\Camera\Camera.h">
      <Filter>Archivos de encabezado\Core\Camera</Filter>
    </ClInclude>
    <ClInclude Include="Core\Camera\CameraProjection.h">
      <Filter>Archivos de encabezado\Core\Camera</Filter>
    </ClInclude>
    <ClInclude Include="Utilities\Singleton.h">
      <Filter>Archivos de encabezado\Utilities</Filter>
    </ClInclude>
    <ClInclude Include="Core\Window.h">
      <Filter>Archivos de encabezado\Core</Filter>
    </ClInclude>
    <ClInclude Include="Core\Renderer.h">
      <Filter>Archivos de encabezado\Core</Filter>
    </ClInclude>
    <ClInclude Include="Core\VKInitializers.h">
      <Filter>Archivos de encabezado\Core</Filter>
    </ClInclude>
    <ClInclude Include="resource.h">
      <Filter>Archivos de encabezado</Filter>
    </ClInclude>
    <ClInclude Include="Core\Shaders\PipelineBuilder.h">
      <Filter>Archivos de encabezado\Core\Shaders</Filter>
    </ClInclude>
    <ClInclude Include="Core\DeletionQueue.h">
      <Filter>Archivos de encabezado\Core</Filter>
    </ClInclude>
    <ClInclude Include="Core\DataContainers\Types.h">
      <Filter>Archivos de encabezado\Core\DataContainers</Filter>
    </ClInclude>
    <ClInclude Include="Core\DataContainers\Mesh.h">
      <Filter>Archivos de encabezado\Core\DataContainers</Filter>
    </ClInclude>
    <ClInclude Include="..\Dependencies\tinyobjloader\tiny_obj_loader.h">
      <Filter>Archivos de encabezado\Dependencies</Filter>
    </ClInclude>
  </ItemGroup>
  <ItemGroup>
    <ResourceCompile Include="LullabyEngine.rc">
      <Filter>Archivos de recursos</Filter>
    </ResourceCompile>
  </ItemGroup>
  <ItemGroup>
    <Image Include="..\Icon.ico">
      <Filter>Archivos de recursos</Filter>
    </Image>
  </ItemGroup>
</Project>